
Microsoft Visual Studio Solution File, Format Version 12.00
# Visual Studio Version 17
VisualStudioVersion = 17.4.33122.133
MinimumVisualStudioVersion = 10.0.40219.1
Project("{FAE04EC0-301F-11D3-BF4B-00C04F79EFBC}") = "day14", "day14\day14.csproj", "{616366EC-7B86-4DC9-B680-57098FE4DFE8}"
EndProject
Global
	GlobalSection(SolutionConfigurationPlatforms) = preSolution
		Debug|Any CPU = Debug|Any CPU
		Release|Any CPU = Release|Any CPU
	EndGlobalSection
	GlobalSection(ProjectConfigurationPlatforms) = postSolution
		{616366EC-7B86-4DC9-B680-57098FE4DFE8}.Debug|Any CPU.ActiveCfg = Debug|Any CPU
		{616366EC-7B86-4DC9-B680-57098FE4DFE8}.Debug|Any CPU.Build.0 = Debug|Any CPU
		{616366EC-7B86-4DC9-B680-57098FE4DFE8}.Release|Any CPU.ActiveCfg = Release|Any CPU
		{616366EC-7B86-4DC9-B680-57098FE4DFE8}.Release|Any CPU.Build.0 = Release|Any CPU
	EndGlobalSection
	GlobalSection(SolutionProperties) = preSolution
		HideSolutionNode = FALSE
	EndGlobalSection
	GlobalSection(ExtensibilityGlobals) = postSolution
		SolutionGuid = {4D26C235-E2F5-4352-815C-5BB6D9488123}
	EndGlobalSection
EndGlobal
