
Microsoft Visual Studio Solution File, Format Version 12.00
# Visual Studio Version 16
VisualStudioVersion = 25.0.1704.1
MinimumVisualStudioVersion = 10.0.40219.1
Project("{FAE04EC0-301F-11D3-BF4B-00C04F79EFBC}") = "day11", "day11.csproj", "{CFFC9E9D-2DCB-4C0E-ADDF-74E2F2710B73}"
EndProject
Global
	GlobalSection(SolutionConfigurationPlatforms) = preSolution
		Debug|Any CPU = Debug|Any CPU
		Release|Any CPU = Release|Any CPU
	EndGlobalSection
	GlobalSection(ProjectConfigurationPlatforms) = postSolution
		{CFFC9E9D-2DCB-4C0E-ADDF-74E2F2710B73}.Debug|Any CPU.ActiveCfg = Debug|Any CPU
		{CFFC9E9D-2DCB-4C0E-ADDF-74E2F2710B73}.Debug|Any CPU.Build.0 = Debug|Any CPU
		{CFFC9E9D-2DCB-4C0E-ADDF-74E2F2710B73}.Release|Any CPU.ActiveCfg = Release|Any CPU
		{CFFC9E9D-2DCB-4C0E-ADDF-74E2F2710B73}.Release|Any CPU.Build.0 = Release|Any CPU
	EndGlobalSection
	GlobalSection(SolutionProperties) = preSolution
		HideSolutionNode = FALSE
	EndGlobalSection
	GlobalSection(ExtensibilityGlobals) = postSolution
		SolutionGuid = {900FDFF0-20A1-4996-9118-C63220A8454C}
	EndGlobalSection
EndGlobal
